
Microsoft Visual Studio Solution File, Format Version 12.00
# Visual Studio Version 16
VisualStudioVersion = 16.0.808.10
MinimumVisualStudioVersion = 10.0.40219.1
Project("{FAE04EC0-301F-11D3-BF4B-00C04F79EFBC}") = "PuppyAdoptionAgency", "PuppyAdoptionAgency.csproj", "{6974E3E0-3791-4911-87C6-EC8F78638765}"
EndProject
Global
	GlobalSection(SolutionConfigurationPlatforms) = preSolution
		Debug|Any CPU = Debug|Any CPU
		Release|Any CPU = Release|Any CPU
	EndGlobalSection
	GlobalSection(ProjectConfigurationPlatforms) = postSolution
		{6974E3E0-3791-4911-87C6-EC8F78638765}.Debug|Any CPU.ActiveCfg = Debug|Any CPU
		{6974E3E0-3791-4911-87C6-EC8F78638765}.Debug|Any CPU.Build.0 = Debug|Any CPU
		{6974E3E0-3791-4911-87C6-EC8F78638765}.Release|Any CPU.ActiveCfg = Release|Any CPU
		{6974E3E0-3791-4911-87C6-EC8F78638765}.Release|Any CPU.Build.0 = Release|Any CPU
	EndGlobalSection
	GlobalSection(SolutionProperties) = preSolution
		HideSolutionNode = FALSE
	EndGlobalSection
	GlobalSection(ExtensibilityGlobals) = postSolution
		SolutionGuid = {DC25F392-006A-4B15-92CD-2C5B09E6A30C}
	EndGlobalSection
EndGlobal
